
Microsoft Visual Studio Solution File, Format Version 12.00
# Visual Studio Version 17
VisualStudioVersion = 17.9.34622.214
MinimumVisualStudioVersion = 10.0.40219.1
Project("{9A19103F-16F7-4668-BE54-9A1E7A4F7556}") = "PresentacionCliente", "PresentacionCliente\PresentacionCliente.csproj", "{B613A210-5255-446E-A3C2-A5C2F57BC241}"
EndProject
Project("{9A19103F-16F7-4668-BE54-9A1E7A4F7556}") = "PresentacionWeb", "PresentacionWeb\PresentacionWeb.csproj", "{974D790A-A08C-427F-8C67-BD9C833A09B2}"
EndProject
Project("{FAE04EC0-301F-11D3-BF4B-00C04F79EFBC}") = "CapaDatos", "CapaDatos\CapaDatos.csproj", "{083657B0-6EFE-4181-B56C-36292431F19C}"
EndProject
Project("{FAE04EC0-301F-11D3-BF4B-00C04F79EFBC}") = "CapaLogica", "CapaLogica\CapaLogica.csproj", "{33D1C0E9-881B-4F6F-AE41-134F7DB3F4B2}"
EndProject
Project("{FAE04EC0-301F-11D3-BF4B-00C04F79EFBC}") = "CapaEntidades", "CapaEntidades\CapaEntidades.csproj", "{D1F9A12E-9ADF-4908-8EDD-E32B9AF9CF2A}"
EndProject
Project("{FAE04EC0-301F-11D3-BF4B-00C04F79EFBC}") = "PresentacionAdmin", "PresentacionAdmin\PresentacionAdmin.csproj", "{6C23DAA5-BC34-4ECC-BA08-0DFFA5BC952D}"
EndProject
Global
	GlobalSection(SolutionConfigurationPlatforms) = preSolution
		Debug|Any CPU = Debug|Any CPU
		Release|Any CPU = Release|Any CPU
	EndGlobalSection
	GlobalSection(ProjectConfigurationPlatforms) = postSolution
		{B613A210-5255-446E-A3C2-A5C2F57BC241}.Debug|Any CPU.ActiveCfg = Debug|Any CPU
		{B613A210-5255-446E-A3C2-A5C2F57BC241}.Debug|Any CPU.Build.0 = Debug|Any CPU
		{B613A210-5255-446E-A3C2-A5C2F57BC241}.Debug|Any CPU.Deploy.0 = Debug|Any CPU
		{B613A210-5255-446E-A3C2-A5C2F57BC241}.Release|Any CPU.ActiveCfg = Release|Any CPU
		{B613A210-5255-446E-A3C2-A5C2F57BC241}.Release|Any CPU.Build.0 = Release|Any CPU
		{B613A210-5255-446E-A3C2-A5C2F57BC241}.Release|Any CPU.Deploy.0 = Release|Any CPU
		{974D790A-A08C-427F-8C67-BD9C833A09B2}.Debug|Any CPU.ActiveCfg = Debug|Any CPU
		{974D790A-A08C-427F-8C67-BD9C833A09B2}.Debug|Any CPU.Build.0 = Debug|Any CPU
		{974D790A-A08C-427F-8C67-BD9C833A09B2}.Release|Any CPU.ActiveCfg = Release|Any CPU
		{974D790A-A08C-427F-8C67-BD9C833A09B2}.Release|Any CPU.Build.0 = Release|Any CPU
		{083657B0-6EFE-4181-B56C-36292431F19C}.Debug|Any CPU.ActiveCfg = Debug|Any CPU
		{083657B0-6EFE-4181-B56C-36292431F19C}.Debug|Any CPU.Build.0 = Debug|Any CPU
		{083657B0-6EFE-4181-B56C-36292431F19C}.Release|Any CPU.ActiveCfg = Release|Any CPU
		{083657B0-6EFE-4181-B56C-36292431F19C}.Release|Any CPU.Build.0 = Release|Any CPU
		{33D1C0E9-881B-4F6F-AE41-134F7DB3F4B2}.Debug|Any CPU.ActiveCfg = Debug|Any CPU
		{33D1C0E9-881B-4F6F-AE41-134F7DB3F4B2}.Debug|Any CPU.Build.0 = Debug|Any CPU
		{33D1C0E9-881B-4F6F-AE41-134F7DB3F4B2}.Release|Any CPU.ActiveCfg = Release|Any CPU
		{33D1C0E9-881B-4F6F-AE41-134F7DB3F4B2}.Release|Any CPU.Build.0 = Release|Any CPU
		{D1F9A12E-9ADF-4908-8EDD-E32B9AF9CF2A}.Debug|Any CPU.ActiveCfg = Debug|Any CPU
		{D1F9A12E-9ADF-4908-8EDD-E32B9AF9CF2A}.Debug|Any CPU.Build.0 = Debug|Any CPU
		{D1F9A12E-9ADF-4908-8EDD-E32B9AF9CF2A}.Release|Any CPU.ActiveCfg = Release|Any CPU
		{D1F9A12E-9ADF-4908-8EDD-E32B9AF9CF2A}.Release|Any CPU.Build.0 = Release|Any CPU
		{6C23DAA5-BC34-4ECC-BA08-0DFFA5BC952D}.Debug|Any CPU.ActiveCfg = Debug|Any CPU
		{6C23DAA5-BC34-4ECC-BA08-0DFFA5BC952D}.Debug|Any CPU.Build.0 = Debug|Any CPU
		{6C23DAA5-BC34-4ECC-BA08-0DFFA5BC952D}.Release|Any CPU.ActiveCfg = Release|Any CPU
		{6C23DAA5-BC34-4ECC-BA08-0DFFA5BC952D}.Release|Any CPU.Build.0 = Release|Any CPU
	EndGlobalSection
	GlobalSection(SolutionProperties) = preSolution
		HideSolutionNode = FALSE
	EndGlobalSection
	GlobalSection(ExtensibilityGlobals) = postSolution
		SolutionGuid = {510EE957-ACCD-435E-BAC3-3C28CA1A21F7}
	EndGlobalSection
EndGlobal
